
Microsoft Visual Studio Solution File, Format Version 12.00
# Visual Studio Version 16
VisualStudioVersion = 16.0.29920.165
MinimumVisualStudioVersion = 10.0.40219.1
Project("{FAE04EC0-301F-11D3-BF4B-00C04F79EFBC}") = "Lab2_MVC_PorllesC", "Lab2_MVC_PorllesC.csproj", "{71D0EC45-A3F1-46FC-B6CD-DAC6C5C219CD}"
EndProject
Global
	GlobalSection(SolutionConfigurationPlatforms) = preSolution
		Debug|Any CPU = Debug|Any CPU
		Release|Any CPU = Release|Any CPU
	EndGlobalSection
	GlobalSection(ProjectConfigurationPlatforms) = postSolution
		{71D0EC45-A3F1-46FC-B6CD-DAC6C5C219CD}.Debug|Any CPU.ActiveCfg = Debug|Any CPU
		{71D0EC45-A3F1-46FC-B6CD-DAC6C5C219CD}.Debug|Any CPU.Build.0 = Debug|Any CPU
		{71D0EC45-A3F1-46FC-B6CD-DAC6C5C219CD}.Release|Any CPU.ActiveCfg = Release|Any CPU
		{71D0EC45-A3F1-46FC-B6CD-DAC6C5C219CD}.Release|Any CPU.Build.0 = Release|Any CPU
	EndGlobalSection
	GlobalSection(SolutionProperties) = preSolution
		HideSolutionNode = FALSE
	EndGlobalSection
	GlobalSection(ExtensibilityGlobals) = postSolution
		SolutionGuid = {7B63AA6D-66F5-4DC7-8F11-16F2A49A9B09}
	EndGlobalSection
EndGlobal
